
Microsoft Visual Studio Solution File, Format Version 12.00
# Visual Studio 15
VisualStudioVersion = 15.0.28307.136
MinimumVisualStudioVersion = 10.0.40219.1
Project("{FAE04EC0-301F-11D3-BF4B-00C04F79EFBC}") = "IllyaVirych.Droid", "IllyaVirych.Droid\IllyaVirych.Droid.csproj", "{A6F0E028-5520-464B-85A2-760B77820E16}"
EndProject
Project("{9A19103F-16F7-4668-BE54-9A1E7A4F7556}") = "IllyaVirych.Core", "IllyaVirych.Core\IllyaVirych.Core.csproj", "{3AB30698-7B0B-419B-BB78-F610A9D20985}"
EndProject
Project("{FAE04EC0-301F-11D3-BF4B-00C04F79EFBC}") = "IllyaVirych.IOS", "IllyaVirych.IOS\IllyaVirych.IOS.csproj", "{80A96B52-6758-4BDB-B0B4-CEA4CA155C60}"
EndProject
Project("{FAE04EC0-301F-11D3-BF4B-00C04F79EFBC}") = "IllyaVirych.Xamarin.UI.Android", "IllyaVirych.Xamarin.UI\IllyaVirych.Xamarin.UI.Android\IllyaVirych.Xamarin.UI.Android.csproj", "{9C6877A0-84D8-4E8D-8C28-406C2CB3C99C}"
EndProject
Project("{FAE04EC0-301F-11D3-BF4B-00C04F79EFBC}") = "IllyaVirych.Xamarin.UI.iOS", "IllyaVirych.Xamarin.UI\IllyaVirych.Xamarin.UI.iOS\IllyaVirych.Xamarin.UI.iOS.csproj", "{C2125966-34D5-4827-B8CF-9198736ADF81}"
EndProject
Project("{9A19103F-16F7-4668-BE54-9A1E7A4F7556}") = "IllyaVirych.Xamarin.UI", "IllyaVirych.Xamarin.UI\IllyaVirych.Xamarin.UI\IllyaVirych.Xamarin.UI.csproj", "{8CF5791F-7440-4E88-9EDD-00F2F0E49214}"
EndProject
Global
	GlobalSection(SolutionConfigurationPlatforms) = preSolution
		Ad-Hoc|Any CPU = Ad-Hoc|Any CPU
		Ad-Hoc|iPhone = Ad-Hoc|iPhone
		Ad-Hoc|iPhoneSimulator = Ad-Hoc|iPhoneSimulator
		AppStore|Any CPU = AppStore|Any CPU
		AppStore|iPhone = AppStore|iPhone
		AppStore|iPhoneSimulator = AppStore|iPhoneSimulator
		Debug|Any CPU = Debug|Any CPU
		Debug|iPhone = Debug|iPhone
		Debug|iPhoneSimulator = Debug|iPhoneSimulator
		Release|Any CPU = Release|Any CPU
		Release|iPhone = Release|iPhone
		Release|iPhoneSimulator = Release|iPhoneSimulator
	EndGlobalSection
	GlobalSection(ProjectConfigurationPlatforms) = postSolution
		{A6F0E028-5520-464B-85A2-760B77820E16}.Ad-Hoc|Any CPU.ActiveCfg = Release|Any CPU
		{A6F0E028-5520-464B-85A2-760B77820E16}.Ad-Hoc|Any CPU.Build.0 = Release|Any CPU
		{A6F0E028-5520-464B-85A2-760B77820E16}.Ad-Hoc|Any CPU.Deploy.0 = Release|Any CPU
		{A6F0E028-5520-464B-85A2-760B77820E16}.Ad-Hoc|iPhone.ActiveCfg = Release|Any CPU
		{A6F0E028-5520-464B-85A2-760B77820E16}.Ad-Hoc|iPhone.Build.0 = Release|Any CPU
		{A6F0E028-5520-464B-85A2-760B77820E16}.Ad-Hoc|iPhone.Deploy.0 = Release|Any CPU
		{A6F0E028-5520-464B-85A2-760B77820E16}.Ad-Hoc|iPhoneSimulator.ActiveCfg = Release|Any CPU
		{A6F0E028-5520-464B-85A2-760B77820E16}.Ad-Hoc|iPhoneSimulator.Build.0 = Release|Any CPU
		{A6F0E028-5520-464B-85A2-760B77820E16}.Ad-Hoc|iPhoneSimulator.Deploy.0 = Release|Any CPU
		{A6F0E028-5520-464B-85A2-760B77820E16}.AppStore|Any CPU.ActiveCfg = Release|Any CPU
		{A6F0E028-5520-464B-85A2-760B77820E16}.AppStore|Any CPU.Build.0 = Release|Any CPU
		{A6F0E028-5520-464B-85A2-760B77820E16}.AppStore|Any CPU.Deploy.0 = Release|Any CPU
		{A6F0E028-5520-464B-85A2-760B77820E16}.AppStore|iPhone.ActiveCfg = Release|Any CPU
		{A6F0E028-5520-464B-85A2-760B77820E16}.AppStore|iPhone.Build.0 = Release|Any CPU
		{A6F0E028-5520-464B-85A2-760B77820E16}.AppStore|iPhone.Deploy.0 = Release|Any CPU
		{A6F0E028-5520-464B-85A2-760B77820E16}.AppStore|iPhoneSimulator.ActiveCfg = Release|Any CPU
		{A6F0E028-5520-464B-85A2-760B77820E16}.AppStore|iPhoneSimulator.Build.0 = Release|Any CPU
		{A6F0E028-5520-464B-85A2-760B77820E16}.AppStore|iPhoneSimulator.Deploy.0 = Release|Any CPU
		{A6F0E028-5520-464B-85A2-760B77820E16}.Debug|Any CPU.ActiveCfg = Debug|Any CPU
		{A6F0E028-5520-464B-85A2-760B77820E16}.Debug|Any CPU.Build.0 = Debug|Any CPU
		{A6F0E028-5520-464B-85A2-760B77820E16}.Debug|Any CPU.Deploy.0 = Debug|Any CPU
		{A6F0E028-5520-464B-85A2-760B77820E16}.Debug|iPhone.ActiveCfg = Debug|Any CPU
		{A6F0E028-5520-464B-85A2-760B77820E16}.Debug|iPhone.Build.0 = Debug|Any CPU
		{A6F0E028-5520-464B-85A2-760B77820E16}.Debug|iPhone.Deploy.0 = Debug|Any CPU
		{A6F0E028-5520-464B-85A2-760B77820E16}.Debug|iPhoneSimulator.ActiveCfg = Debug|Any CPU
		{A6F0E028-5520-464B-85A2-760B77820E16}.Debug|iPhoneSimulator.Build.0 = Debug|Any CPU
		{A6F0E028-5520-464B-85A2-760B77820E16}.Debug|iPhoneSimulator.Deploy.0 = Debug|Any CPU
		{A6F0E028-5520-464B-85A2-760B77820E16}.Release|Any CPU.ActiveCfg = Release|Any CPU
		{A6F0E028-5520-464B-85A2-760B77820E16}.Release|Any CPU.Build.0 = Release|Any CPU
		{A6F0E028-5520-464B-85A2-760B77820E16}.Release|Any CPU.Deploy.0 = Release|Any CPU
		{A6F0E028-5520-464B-85A2-760B77820E16}.Release|iPhone.ActiveCfg = Release|Any CPU
		{A6F0E028-5520-464B-85A2-760B77820E16}.Release|iPhone.Build.0 = Release|Any CPU
		{A6F0E028-5520-464B-85A2-760B77820E16}.Release|iPhone.Deploy.0 = Release|Any CPU
		{A6F0E028-5520-464B-85A2-760B77820E16}.Release|iPhoneSimulator.ActiveCfg = Release|Any CPU
		{A6F0E028-5520-464B-85A2-760B77820E16}.Release|iPhoneSimulator.Build.0 = Release|Any CPU
		{A6F0E028-5520-464B-85A2-760B77820E16}.Release|iPhoneSimulator.Deploy.0 = Release|Any CPU
		{3AB30698-7B0B-419B-BB78-F610A9D20985}.Ad-Hoc|Any CPU.ActiveCfg = Release|Any CPU
		{3AB30698-7B0B-419B-BB78-F610A9D20985}.Ad-Hoc|Any CPU.Build.0 = Release|Any CPU
		{3AB30698-7B0B-419B-BB78-F610A9D20985}.Ad-Hoc|iPhone.ActiveCfg = Release|Any CPU
		{3AB30698-7B0B-419B-BB78-F610A9D20985}.Ad-Hoc|iPhone.Build.0 = Release|Any CPU
		{3AB30698-7B0B-419B-BB78-F610A9D20985}.Ad-Hoc|iPhoneSimulator.ActiveCfg = Release|Any CPU
		{3AB30698-7B0B-419B-BB78-F610A9D20985}.Ad-Hoc|iPhoneSimulator.Build.0 = Release|Any CPU
		{3AB30698-7B0B-419B-BB78-F610A9D20985}.AppStore|Any CPU.ActiveCfg = Release|Any CPU
		{3AB30698-7B0B-419B-BB78-F610A9D20985}.AppStore|Any CPU.Build.0 = Release|Any CPU
		{3AB30698-7B0B-419B-BB78-F610A9D20985}.AppStore|iPhone.ActiveCfg = Release|Any CPU
		{3AB30698-7B0B-419B-BB78-F610A9D20985}.AppStore|iPhone.Build.0 = Release|Any CPU
		{3AB30698-7B0B-419B-BB78-F610A9D20985}.AppStore|iPhoneSimulator.ActiveCfg = Release|Any CPU
		{3AB30698-7B0B-419B-BB78-F610A9D20985}.AppStore|iPhoneSimulator.Build.0 = Release|Any CPU
		{3AB30698-7B0B-419B-BB78-F610A9D20985}.Debug|Any CPU.ActiveCfg = Debug|Any CPU
		{3AB30698-7B0B-419B-BB78-F610A9D20985}.Debug|Any CPU.Build.0 = Debug|Any CPU
		{3AB30698-7B0B-419B-BB78-F610A9D20985}.Debug|iPhone.ActiveCfg = Debug|Any CPU
		{3AB30698-7B0B-419B-BB78-F610A9D20985}.Debug|iPhone.Build.0 = Debug|Any CPU
		{3AB30698-7B0B-419B-BB78-F610A9D20985}.Debug|iPhoneSimulator.ActiveCfg = Debug|Any CPU
		{3AB30698-7B0B-419B-BB78-F610A9D20985}.Debug|iPhoneSimulator.Build.0 = Debug|Any CPU
		{3AB30698-7B0B-419B-BB78-F610A9D20985}.Release|Any CPU.ActiveCfg = Release|Any CPU
		{3AB30698-7B0B-419B-BB78-F610A9D20985}.Release|Any CPU.Build.0 = Release|Any CPU
		{3AB30698-7B0B-419B-BB78-F610A9D20985}.Release|iPhone.ActiveCfg = Release|Any CPU
		{3AB30698-7B0B-419B-BB78-F610A9D20985}.Release|iPhone.Build.0 = Release|Any CPU
		{3AB30698-7B0B-419B-BB78-F610A9D20985}.Release|iPhoneSimulator.ActiveCfg = Release|Any CPU
		{3AB30698-7B0B-419B-BB78-F610A9D20985}.Release|iPhoneSimulator.Build.0 = Release|Any CPU
		{80A96B52-6758-4BDB-B0B4-CEA4CA155C60}.Ad-Hoc|Any CPU.ActiveCfg = Release|iPhoneSimulator
		{80A96B52-6758-4BDB-B0B4-CEA4CA155C60}.Ad-Hoc|Any CPU.Build.0 = Release|iPhoneSimulator
		{80A96B52-6758-4BDB-B0B4-CEA4CA155C60}.Ad-Hoc|iPhone.ActiveCfg = Release|iPhone
		{80A96B52-6758-4BDB-B0B4-CEA4CA155C60}.Ad-Hoc|iPhone.Build.0 = Release|iPhone
		{80A96B52-6758-4BDB-B0B4-CEA4CA155C60}.Ad-Hoc|iPhoneSimulator.ActiveCfg = Release|iPhoneSimulator
		{80A96B52-6758-4BDB-B0B4-CEA4CA155C60}.Ad-Hoc|iPhoneSimulator.Build.0 = Release|iPhoneSimulator
		{80A96B52-6758-4BDB-B0B4-CEA4CA155C60}.AppStore|Any CPU.ActiveCfg = Release|iPhoneSimulator
		{80A96B52-6758-4BDB-B0B4-CEA4CA155C60}.AppStore|Any CPU.Build.0 = Release|iPhoneSimulator
		{80A96B52-6758-4BDB-B0B4-CEA4CA155C60}.AppStore|iPhone.ActiveCfg = Release|iPhone
		{80A96B52-6758-4BDB-B0B4-CEA4CA155C60}.AppStore|iPhone.Build.0 = Release|iPhone
		{80A96B52-6758-4BDB-B0B4-CEA4CA155C60}.AppStore|iPhoneSimulator.ActiveCfg = Release|iPhoneSimulator
		{80A96B52-6758-4BDB-B0B4-CEA4CA155C60}.AppStore|iPhoneSimulator.Build.0 = Release|iPhoneSimulator
		{80A96B52-6758-4BDB-B0B4-CEA4CA155C60}.Debug|Any CPU.ActiveCfg = Debug|iPhone
		{80A96B52-6758-4BDB-B0B4-CEA4CA155C60}.Debug|iPhone.ActiveCfg = Debug|iPhone
		{80A96B52-6758-4BDB-B0B4-CEA4CA155C60}.Debug|iPhone.Build.0 = Debug|iPhone
		{80A96B52-6758-4BDB-B0B4-CEA4CA155C60}.Debug|iPhoneSimulator.ActiveCfg = Debug|iPhoneSimulator
		{80A96B52-6758-4BDB-B0B4-CEA4CA155C60}.Debug|iPhoneSimulator.Build.0 = Debug|iPhoneSimulator
		{80A96B52-6758-4BDB-B0B4-CEA4CA155C60}.Release|Any CPU.ActiveCfg = Release|iPhone
		{80A96B52-6758-4BDB-B0B4-CEA4CA155C60}.Release|iPhone.ActiveCfg = Release|iPhone
		{80A96B52-6758-4BDB-B0B4-CEA4CA155C60}.Release|iPhone.Build.0 = Release|iPhone
		{80A96B52-6758-4BDB-B0B4-CEA4CA155C60}.Release|iPhoneSimulator.ActiveCfg = Release|iPhoneSimulator
		{80A96B52-6758-4BDB-B0B4-CEA4CA155C60}.Release|iPhoneSimulator.Build.0 = Release|iPhoneSimulator
		{9C6877A0-84D8-4E8D-8C28-406C2CB3C99C}.Ad-Hoc|Any CPU.ActiveCfg = Release|Any CPU
		{9C6877A0-84D8-4E8D-8C28-406C2CB3C99C}.Ad-Hoc|Any CPU.Build.0 = Release|Any CPU
		{9C6877A0-84D8-4E8D-8C28-406C2CB3C99C}.Ad-Hoc|Any CPU.Deploy.0 = Release|Any CPU
		{9C6877A0-84D8-4E8D-8C28-406C2CB3C99C}.Ad-Hoc|iPhone.ActiveCfg = Release|Any CPU
		{9C6877A0-84D8-4E8D-8C28-406C2CB3C99C}.Ad-Hoc|iPhone.Build.0 = Release|Any CPU
		{9C6877A0-84D8-4E8D-8C28-406C2CB3C99C}.Ad-Hoc|iPhone.Deploy.0 = Release|Any CPU
		{9C6877A0-84D8-4E8D-8C28-406C2CB3C99C}.Ad-Hoc|iPhoneSimulator.ActiveCfg = Release|Any CPU
		{9C6877A0-84D8-4E8D-8C28-406C2CB3C99C}.Ad-Hoc|iPhoneSimulator.Build.0 = Release|Any CPU
		{9C6877A0-84D8-4E8D-8C28-406C2CB3C99C}.Ad-Hoc|iPhoneSimulator.Deploy.0 = Release|Any CPU
		{9C6877A0-84D8-4E8D-8C28-406C2CB3C99C}.AppStore|Any CPU.ActiveCfg = Release|Any CPU
		{9C6877A0-84D8-4E8D-8C28-406C2CB3C99C}.AppStore|Any CPU.Build.0 = Release|Any CPU
		{9C6877A0-84D8-4E8D-8C28-406C2CB3C99C}.AppStore|Any CPU.Deploy.0 = Release|Any CPU
		{9C6877A0-84D8-4E8D-8C28-406C2CB3C99C}.AppStore|iPhone.ActiveCfg = Release|Any CPU
		{9C6877A0-84D8-4E8D-8C28-406C2CB3C99C}.AppStore|iPhone.Build.0 = Release|Any CPU
		{9C6877A0-84D8-4E8D-8C28-406C2CB3C99C}.AppStore|iPhone.Deploy.0 = Release|Any CPU
		{9C6877A0-84D8-4E8D-8C28-406C2CB3C99C}.AppStore|iPhoneSimulator.ActiveCfg = Release|Any CPU
		{9C6877A0-84D8-4E8D-8C28-406C2CB3C99C}.AppStore|iPhoneSimulator.Build.0 = Release|Any CPU
		{9C6877A0-84D8-4E8D-8C28-406C2CB3C99C}.AppStore|iPhoneSimulator.Deploy.0 = Release|Any CPU
		{9C6877A0-84D8-4E8D-8C28-406C2CB3C99C}.Debug|Any CPU.ActiveCfg = Debug|Any CPU
		{9C6877A0-84D8-4E8D-8C28-406C2CB3C99C}.Debug|Any CPU.Build.0 = Debug|Any CPU
		{9C6877A0-84D8-4E8D-8C28-406C2CB3C99C}.Debug|Any CPU.Deploy.0 = Debug|Any CPU
		{9C6877A0-84D8-4E8D-8C28-406C2CB3C99C}.Debug|iPhone.ActiveCfg = Debug|Any CPU
		{9C6877A0-84D8-4E8D-8C28-406C2CB3C99C}.Debug|iPhone.Build.0 = Debug|Any CPU
		{9C6877A0-84D8-4E8D-8C28-406C2CB3C99C}.Debug|iPhone.Deploy.0 = Debug|Any CPU
		{9C6877A0-84D8-4E8D-8C28-406C2CB3C99C}.Debug|iPhoneSimulator.ActiveCfg = Debug|Any CPU
		{9C6877A0-84D8-4E8D-8C28-406C2CB3C99C}.Debug|iPhoneSimulator.Build.0 = Debug|Any CPU
		{9C6877A0-84D8-4E8D-8C28-406C2CB3C99C}.Debug|iPhoneSimulator.Deploy.0 = Debug|Any CPU
		{9C6877A0-84D8-4E8D-8C28-406C2CB3C99C}.Release|Any CPU.ActiveCfg = Release|Any CPU
		{9C6877A0-84D8-4E8D-8C28-406C2CB3C99C}.Release|Any CPU.Build.0 = Release|Any CPU
		{9C6877A0-84D8-4E8D-8C28-406C2CB3C99C}.Release|Any CPU.Deploy.0 = Release|Any CPU
		{9C6877A0-84D8-4E8D-8C28-406C2CB3C99C}.Release|iPhone.ActiveCfg = Release|Any CPU
		{9C6877A0-84D8-4E8D-8C28-406C2CB3C99C}.Release|iPhone.Build.0 = Release|Any CPU
		{9C6877A0-84D8-4E8D-8C28-406C2CB3C99C}.Release|iPhone.Deploy.0 = Release|Any CPU
		{9C6877A0-84D8-4E8D-8C28-406C2CB3C99C}.Release|iPhoneSimulator.ActiveCfg = Release|Any CPU
		{9C6877A0-84D8-4E8D-8C28-406C2CB3C99C}.Release|iPhoneSimulator.Build.0 = Release|Any CPU
		{9C6877A0-84D8-4E8D-8C28-406C2CB3C99C}.Release|iPhoneSimulator.Deploy.0 = Release|Any CPU
		{C2125966-34D5-4827-B8CF-9198736ADF81}.Ad-Hoc|Any CPU.ActiveCfg = Ad-Hoc|iPhone
		{C2125966-34D5-4827-B8CF-9198736ADF81}.Ad-Hoc|iPhone.ActiveCfg = Ad-Hoc|iPhone
		{C2125966-34D5-4827-B8CF-9198736ADF81}.Ad-Hoc|iPhone.Build.0 = Ad-Hoc|iPhone
		{C2125966-34D5-4827-B8CF-9198736ADF81}.Ad-Hoc|iPhoneSimulator.ActiveCfg = Ad-Hoc|iPhoneSimulator
		{C2125966-34D5-4827-B8CF-9198736ADF81}.Ad-Hoc|iPhoneSimulator.Build.0 = Ad-Hoc|iPhoneSimulator
		{C2125966-34D5-4827-B8CF-9198736ADF81}.AppStore|Any CPU.ActiveCfg = AppStore|iPhone
		{C2125966-34D5-4827-B8CF-9198736ADF81}.AppStore|iPhone.ActiveCfg = AppStore|iPhone
		{C2125966-34D5-4827-B8CF-9198736ADF81}.AppStore|iPhone.Build.0 = AppStore|iPhone
		{C2125966-34D5-4827-B8CF-9198736ADF81}.AppStore|iPhoneSimulator.ActiveCfg = AppStore|iPhoneSimulator
		{C2125966-34D5-4827-B8CF-9198736ADF81}.AppStore|iPhoneSimulator.Build.0 = AppStore|iPhoneSimulator
		{C2125966-34D5-4827-B8CF-9198736ADF81}.Debug|Any CPU.ActiveCfg = Debug|iPhone
		{C2125966-34D5-4827-B8CF-9198736ADF81}.Debug|Any CPU.Build.0 = Debug|iPhone
		{C2125966-34D5-4827-B8CF-9198736ADF81}.Debug|iPhone.ActiveCfg = Debug|iPhone
		{C2125966-34D5-4827-B8CF-9198736ADF81}.Debug|iPhone.Build.0 = Debug|iPhone
		{C2125966-34D5-4827-B8CF-9198736ADF81}.Debug|iPhoneSimulator.ActiveCfg = Debug|iPhoneSimulator
		{C2125966-34D5-4827-B8CF-9198736ADF81}.Debug|iPhoneSimulator.Build.0 = Debug|iPhoneSimulator
		{C2125966-34D5-4827-B8CF-9198736ADF81}.Release|Any CPU.ActiveCfg = Release|iPhone
		{C2125966-34D5-4827-B8CF-9198736ADF81}.Release|iPhone.ActiveCfg = Release|iPhone
		{C2125966-34D5-4827-B8CF-9198736ADF81}.Release|iPhone.Build.0 = Release|iPhone
		{C2125966-34D5-4827-B8CF-9198736ADF81}.Release|iPhoneSimulator.ActiveCfg = Release|iPhoneSimulator
		{C2125966-34D5-4827-B8CF-9198736ADF81}.Release|iPhoneSimulator.Build.0 = Release|iPhoneSimulator
		{8CF5791F-7440-4E88-9EDD-00F2F0E49214}.Ad-Hoc|Any CPU.ActiveCfg = Debug|Any CPU
		{8CF5791F-7440-4E88-9EDD-00F2F0E49214}.Ad-Hoc|Any CPU.Build.0 = Debug|Any CPU
		{8CF5791F-7440-4E88-9EDD-00F2F0E49214}.Ad-Hoc|iPhone.ActiveCfg = Debug|Any CPU
		{8CF5791F-7440-4E88-9EDD-00F2F0E49214}.Ad-Hoc|iPhone.Build.0 = Debug|Any CPU
		{8CF5791F-7440-4E88-9EDD-00F2F0E49214}.Ad-Hoc|iPhoneSimulator.ActiveCfg = Debug|Any CPU
		{8CF5791F-7440-4E88-9EDD-00F2F0E49214}.Ad-Hoc|iPhoneSimulator.Build.0 = Debug|Any CPU
		{8CF5791F-7440-4E88-9EDD-00F2F0E49214}.AppStore|Any CPU.ActiveCfg = Debug|Any CPU
		{8CF5791F-7440-4E88-9EDD-00F2F0E49214}.AppStore|Any CPU.Build.0 = Debug|Any CPU
		{8CF5791F-7440-4E88-9EDD-00F2F0E49214}.AppStore|iPhone.ActiveCfg = Debug|Any CPU
		{8CF5791F-7440-4E88-9EDD-00F2F0E49214}.AppStore|iPhone.Build.0 = Debug|Any CPU
		{8CF5791F-7440-4E88-9EDD-00F2F0E49214}.AppStore|iPhoneSimulator.ActiveCfg = Debug|Any CPU
		{8CF5791F-7440-4E88-9EDD-00F2F0E49214}.AppStore|iPhoneSimulator.Build.0 = Debug|Any CPU
		{8CF5791F-7440-4E88-9EDD-00F2F0E49214}.Debug|Any CPU.ActiveCfg = Debug|Any CPU
		{8CF5791F-7440-4E88-9EDD-00F2F0E49214}.Debug|Any CPU.Build.0 = Debug|Any CPU
		{8CF5791F-7440-4E88-9EDD-00F2F0E49214}.Debug|iPhone.ActiveCfg = Debug|Any CPU
		{8CF5791F-7440-4E88-9EDD-00F2F0E49214}.Debug|iPhone.Build.0 = Debug|Any CPU
		{8CF5791F-7440-4E88-9EDD-00F2F0E49214}.Debug|iPhoneSimulator.ActiveCfg = Debug|Any CPU
		{8CF5791F-7440-4E88-9EDD-00F2F0E49214}.Debug|iPhoneSimulator.Build.0 = Debug|Any CPU
		{8CF5791F-7440-4E88-9EDD-00F2F0E49214}.Release|Any CPU.ActiveCfg = Release|Any CPU
		{8CF5791F-7440-4E88-9EDD-00F2F0E49214}.Release|Any CPU.Build.0 = Release|Any CPU
		{8CF5791F-7440-4E88-9EDD-00F2F0E49214}.Release|iPhone.ActiveCfg = Release|Any CPU
		{8CF5791F-7440-4E88-9EDD-00F2F0E49214}.Release|iPhone.Build.0 = Release|Any CPU
		{8CF5791F-7440-4E88-9EDD-00F2F0E49214}.Release|iPhoneSimulator.ActiveCfg = Release|Any CPU
		{8CF5791F-7440-4E88-9EDD-00F2F0E49214}.Release|iPhoneSimulator.Build.0 = Release|Any CPU
	EndGlobalSection
	GlobalSection(SolutionProperties) = preSolution
		HideSolutionNode = FALSE
	EndGlobalSection
	GlobalSection(ExtensibilityGlobals) = postSolution
		SolutionGuid = {5B3D1B14-DE99-434B-9884-3739D5CD2D32}
	EndGlobalSection
EndGlobal
